
Microsoft Visual Studio Solution File, Format Version 10.00
# Visual Studio 2008
Project("{FAE04EC0-301F-11D3-BF4B-00C04F79EFBC}") = "Program_15_4", "Program_15_4\Program_15_4.csproj", "{732B682D-B997-4E99-9E66-22B071FAF072}"
EndProject
Global
	GlobalSection(SolutionConfigurationPlatforms) = preSolution
		Debug|Any CPU = Debug|Any CPU
		Release|Any CPU = Release|Any CPU
	EndGlobalSection
	GlobalSection(ProjectConfigurationPlatforms) = postSolution
		{732B682D-B997-4E99-9E66-22B071FAF072}.Debug|Any CPU.ActiveCfg = Debug|Any CPU
		{732B682D-B997-4E99-9E66-22B071FAF072}.Debug|Any CPU.Build.0 = Debug|Any CPU
		{732B682D-B997-4E99-9E66-22B071FAF072}.Release|Any CPU.ActiveCfg = Release|Any CPU
		{732B682D-B997-4E99-9E66-22B071FAF072}.Release|Any CPU.Build.0 = Release|Any CPU
	EndGlobalSection
	GlobalSection(SolutionProperties) = preSolution
		HideSolutionNode = FALSE
	EndGlobalSection
EndGlobal
