
Microsoft Visual Studio Solution File, Format Version 11.00
# Visual Studio 2010
Project("{FAE04EC0-301F-11D3-BF4B-00C04F79EFBC}") = "5-9", "5-9\5-9.csproj", "{1B500BCB-5356-4B43-BE7C-4AF18C6BBB66}"
EndProject
Global
	GlobalSection(SolutionConfigurationPlatforms) = preSolution
		Debug|x86 = Debug|x86
		Release|x86 = Release|x86
	EndGlobalSection
	GlobalSection(ProjectConfigurationPlatforms) = postSolution
		{1B500BCB-5356-4B43-BE7C-4AF18C6BBB66}.Debug|x86.ActiveCfg = Debug|x86
		{1B500BCB-5356-4B43-BE7C-4AF18C6BBB66}.Debug|x86.Build.0 = Debug|x86
		{1B500BCB-5356-4B43-BE7C-4AF18C6BBB66}.Release|x86.ActiveCfg = Release|x86
		{1B500BCB-5356-4B43-BE7C-4AF18C6BBB66}.Release|x86.Build.0 = Release|x86
	EndGlobalSection
	GlobalSection(SolutionProperties) = preSolution
		HideSolutionNode = FALSE
	EndGlobalSection
EndGlobal
