
Microsoft Visual Studio Solution File, Format Version 10.00
# Visual Studio 2008
Project("{FAE04EC0-301F-11D3-BF4B-00C04F79EFBC}") = "Program_13_9", "Program_13_9\Program_13_9.csproj", "{52532BAC-36AA-473D-BFFB-5E5D43F980AF}"
EndProject
Global
	GlobalSection(SolutionConfigurationPlatforms) = preSolution
		Debug|Any CPU = Debug|Any CPU
		Release|Any CPU = Release|Any CPU
	EndGlobalSection
	GlobalSection(ProjectConfigurationPlatforms) = postSolution
		{52532BAC-36AA-473D-BFFB-5E5D43F980AF}.Debug|Any CPU.ActiveCfg = Debug|Any CPU
		{52532BAC-36AA-473D-BFFB-5E5D43F980AF}.Debug|Any CPU.Build.0 = Debug|Any CPU
		{52532BAC-36AA-473D-BFFB-5E5D43F980AF}.Release|Any CPU.ActiveCfg = Release|Any CPU
		{52532BAC-36AA-473D-BFFB-5E5D43F980AF}.Release|Any CPU.Build.0 = Release|Any CPU
	EndGlobalSection
	GlobalSection(SolutionProperties) = preSolution
		HideSolutionNode = FALSE
	EndGlobalSection
EndGlobal
