
Microsoft Visual Studio Solution File, Format Version 11.00
# Visual Studio 2010
Project("{FAE04EC0-301F-11D3-BF4B-00C04F79EFBC}") = "8-15", "8-15\8-15.csproj", "{EF62D500-163B-427E-A588-E25E0D09CA7C}"
EndProject
Global
	GlobalSection(SolutionConfigurationPlatforms) = preSolution
		Debug|x86 = Debug|x86
		Release|x86 = Release|x86
	EndGlobalSection
	GlobalSection(ProjectConfigurationPlatforms) = postSolution
		{EF62D500-163B-427E-A588-E25E0D09CA7C}.Debug|x86.ActiveCfg = Debug|x86
		{EF62D500-163B-427E-A588-E25E0D09CA7C}.Debug|x86.Build.0 = Debug|x86
		{EF62D500-163B-427E-A588-E25E0D09CA7C}.Release|x86.ActiveCfg = Release|x86
		{EF62D500-163B-427E-A588-E25E0D09CA7C}.Release|x86.Build.0 = Release|x86
	EndGlobalSection
	GlobalSection(SolutionProperties) = preSolution
		HideSolutionNode = FALSE
	EndGlobalSection
EndGlobal
