
Microsoft Visual Studio Solution File, Format Version 11.00
# Visual Studio 2010
Project("{8BC9CEB8-8B4A-11D0-8D11-00A0C91BC942}") = "x86", "x86\x86.vcxproj", "{EEAB4FDB-FB2A-432B-B330-2D6E2DF2359B}"
EndProject
Global
	GlobalSection(SolutionConfigurationPlatforms) = preSolution
		Debug|Win32 = Debug|Win32
		Release|Win32 = Release|Win32
	EndGlobalSection
	GlobalSection(ProjectConfigurationPlatforms) = postSolution
		{EEAB4FDB-FB2A-432B-B330-2D6E2DF2359B}.Debug|Win32.ActiveCfg = Debug|Win32
		{EEAB4FDB-FB2A-432B-B330-2D6E2DF2359B}.Debug|Win32.Build.0 = Debug|Win32
		{EEAB4FDB-FB2A-432B-B330-2D6E2DF2359B}.Release|Win32.ActiveCfg = Release|Win32
		{EEAB4FDB-FB2A-432B-B330-2D6E2DF2359B}.Release|Win32.Build.0 = Release|Win32
	EndGlobalSection
	GlobalSection(SolutionProperties) = preSolution
		HideSolutionNode = FALSE
	EndGlobalSection
EndGlobal
