
Microsoft Visual Studio Solution File, Format Version 10.00
# Visual Studio 2008
Project("{FAE04EC0-301F-11D3-BF4B-00C04F79EFBC}") = "Program_11_1", "Program_11_1\Program_11_1.csproj", "{652C1DFE-EC54-49E3-AC91-AEB76D06F955}"
EndProject
Global
	GlobalSection(SolutionConfigurationPlatforms) = preSolution
		Debug|Any CPU = Debug|Any CPU
		Release|Any CPU = Release|Any CPU
	EndGlobalSection
	GlobalSection(ProjectConfigurationPlatforms) = postSolution
		{652C1DFE-EC54-49E3-AC91-AEB76D06F955}.Debug|Any CPU.ActiveCfg = Debug|Any CPU
		{652C1DFE-EC54-49E3-AC91-AEB76D06F955}.Debug|Any CPU.Build.0 = Debug|Any CPU
		{652C1DFE-EC54-49E3-AC91-AEB76D06F955}.Release|Any CPU.ActiveCfg = Release|Any CPU
		{652C1DFE-EC54-49E3-AC91-AEB76D06F955}.Release|Any CPU.Build.0 = Release|Any CPU
	EndGlobalSection
	GlobalSection(SolutionProperties) = preSolution
		HideSolutionNode = FALSE
	EndGlobalSection
EndGlobal
