
Microsoft Visual Studio Solution File, Format Version 11.00
# Visual Studio 2010
Project("{FAE04EC0-301F-11D3-BF4B-00C04F79EFBC}") = "5-8", "5-8\5-8.csproj", "{A50EEC48-448C-4802-B769-0233D3CC62BC}"
EndProject
Global
	GlobalSection(SolutionConfigurationPlatforms) = preSolution
		Debug|x86 = Debug|x86
		Release|x86 = Release|x86
	EndGlobalSection
	GlobalSection(ProjectConfigurationPlatforms) = postSolution
		{A50EEC48-448C-4802-B769-0233D3CC62BC}.Debug|x86.ActiveCfg = Debug|x86
		{A50EEC48-448C-4802-B769-0233D3CC62BC}.Debug|x86.Build.0 = Debug|x86
		{A50EEC48-448C-4802-B769-0233D3CC62BC}.Release|x86.ActiveCfg = Release|x86
		{A50EEC48-448C-4802-B769-0233D3CC62BC}.Release|x86.Build.0 = Release|x86
	EndGlobalSection
	GlobalSection(SolutionProperties) = preSolution
		HideSolutionNode = FALSE
	EndGlobalSection
EndGlobal
